
Microsoft Visual Studio Solution File, Format Version 12.00
# Visual Studio Version 17
VisualStudioVersion = 17.4.33205.214
MinimumVisualStudioVersion = 10.0.40219.1
Project("{FAE04EC0-301F-11D3-BF4B-00C04F79EFBC}") = "maga", "maga.csproj", "{516DB542-8651-424F-9980-86AE852E4005}"
EndProject
Global
	GlobalSection(SolutionConfigurationPlatforms) = preSolution
		Debug|Any CPU = Debug|Any CPU
		Release|Any CPU = Release|Any CPU
	EndGlobalSection
	GlobalSection(ProjectConfigurationPlatforms) = postSolution
		{516DB542-8651-424F-9980-86AE852E4005}.Debug|Any CPU.ActiveCfg = Debug|Any CPU
		{516DB542-8651-424F-9980-86AE852E4005}.Debug|Any CPU.Build.0 = Debug|Any CPU
		{516DB542-8651-424F-9980-86AE852E4005}.Release|Any CPU.ActiveCfg = Release|Any CPU
		{516DB542-8651-424F-9980-86AE852E4005}.Release|Any CPU.Build.0 = Release|Any CPU
	EndGlobalSection
	GlobalSection(SolutionProperties) = preSolution
		HideSolutionNode = FALSE
	EndGlobalSection
	GlobalSection(ExtensibilityGlobals) = postSolution
		SolutionGuid = {3D44FA0B-D608-4BC5-8C75-792EA63C5B14}
	EndGlobalSection
EndGlobal
